// !$*UTF8*$!
{
	archiveVersion = 1;
	classes = {
	};
	objectVersion = 48;
	objects = {

/* Begin PBXBuildFile section */
		880411052080E6EE00F6438C /* AppDelegate.swift in Sources */ = {isa = PBXBuildFile; fileRef = 880411042080E6EE00F6438C /* AppDelegate.swift */; };
		880411072080E6EE00F6438C /* ViewController.swift in Sources */ = {isa = PBXBuildFile; fileRef = 880411062080E6EE00F6438C /* ViewController.swift */; };
		8804110A2080E6EE00F6438C /* Main.storyboard in Resources */ = {isa = PBXBuildFile; fileRef = 880411082080E6EE00F6438C /* Main.storyboard */; };
		8804110C2080E6EE00F6438C /* Assets.xcassets in Resources */ = {isa = PBXBuildFile; fileRef = 8804110B2080E6EE00F6438C /* Assets.xcassets */; };
		8804110F2080E6EE00F6438C /* LaunchScreen.storyboard in Resources */ = {isa = PBXBuildFile; fileRef = 8804110D2080E6EE00F6438C /* LaunchScreen.storyboard */; };
/* End PBXBuildFile section */

/* Begin PBXFileReference section */
		880411012080E6EE00F6438C /* BassSynth.app */ = {isa = PBXFileReference; explicitFileType = wrapper.application; includeInIndex = 0; path = BassSynth.app; sourceTree = BUILT_PRODUCTS_DIR; };
		880411042080E6EE00F6438C /* AppDelegate.swift */ = {isa = PBXFileReference; lastKnownFileType = sourcecode.swift; path = AppDelegate.swift; sourceTree = "<group>"; };
		880411062080E6EE00F6438C /* ViewController.swift */ = {isa = PBXFileReference; lastKnownFileType = sourcecode.swift; path = ViewController.swift; sourceTree = "<group>"; };
		880411092080E6EE00F6438C /* Base */ = {isa = PBXFileReference; lastKnownFileType = file.storyboard; name = Base; path = Base.lproj/Main.storyboard; sourceTree = "<group>"; };
		8804110B2080E6EE00F6438C /* Assets.xcassets */ = {isa = PBXFileReference; lastKnownFileType = folder.assetcatalog; path = Assets.xcassets; sourceTree = "<group>"; };
		8804110E2080E6EE00F6438C /* Base */ = {isa = PBXFileReference; lastKnownFileType = file.storyboard; name = Base; path = Base.lproj/LaunchScreen.storyboard; sourceTree = "<group>"; };
		880411102080E6EE00F6438C /* Info.plist */ = {isa = PBXFileReference; lastKnownFileType = text.plist.xml; path = Info.plist; sourceTree = "<group>"; };
/* End PBXFileReference section */

/* Begin PBXFrameworksBuildPhase section */
		880410FE2080E6EE00F6438C /* Frameworks */ = {
			isa = PBXFrameworksBuildPhase;
			buildActionMask = 2147483647;
			files = (
			);
			runOnlyForDeploymentPostprocessing = 0;
		};
/* End PBXFrameworksBuildPhase section */

/* Begin PBXGroup section */
		880410F82080E6EE00F6438C = {
			isa = PBXGroup;
			children = (
				880411032080E6EE00F6438C /* BassSynth */,
				880411022080E6EE00F6438C /* Products */,
			);
			sourceTree = "<group>";
		};
		880411022080E6EE00F6438C /* Products */ = {
			isa = PBXGroup;
			children = (
				880411012080E6EE00F6438C /* BassSynth.app */,
			);
			name = Products;
			sourceTree = "<group>";
		};
		880411032080E6EE00F6438C /* BassSynth */ = {
			isa = PBXGroup;
			children = (
				880411042080E6EE00F6438C /* AppDelegate.swift */,
				880411062080E6EE00F6438C /* ViewController.swift */,
				880411082080E6EE00F6438C /* Main.storyboard */,
				8804110B2080E6EE00F6438C /* Assets.xcassets */,
				8804110D2080E6EE00F6438C /* LaunchScreen.storyboard */,
				880411102080E6EE00F6438C /* Info.plist */,
			);
			path = BassSynth;
			sourceTree = "<group>";
		};
/* End PBXGroup section */

/* Begin PBXNativeTarget section */
		880411002080E6EE00F6438C /* BassSynth */ = {
			isa = PBXNativeTarget;
			buildConfigurationList = 880411132080E6EE00F6438C /* Build configuration list for PBXNativeTarget "BassSynth" */;
			buildPhases = (
				880410FD2080E6EE00F6438C /* Sources */,
				880410FE2080E6EE00F6438C /* Frameworks */,
				880410FF2080E6EE00F6438C /* Resources */,
			);
			buildRules = (
			);
			dependencies = (
			);
			name = BassSynth;
			productName = BassSynth;
			productReference = 880411012080E6EE00F6438C /* BassSynth.app */;
			productType = "com.apple.product-type.application";
		};
/* End PBXNativeTarget section */

/* Begin PBXProject section */
		880410F92080E6EE00F6438C /* Project object */ = {
			isa = PBXProject;
			attributes = {
				LastSwiftUpdateCheck = 0920;
				LastUpgradeCheck = 0920;
				ORGANIZATIONNAME = "callum strange";
				TargetAttributes = {
					880411002080E6EE00F6438C = {
						CreatedOnToolsVersion = 9.2;
						ProvisioningStyle = Automatic;
					};
				};
			};
			buildConfigurationList = 880410FC2080E6EE00F6438C /* Build configuration list for PBXProject "BassSynth" */;
			compatibilityVersion = "Xcode 8.0";
			developmentRegion = en;
			hasScannedForEncodings = 0;
			knownRegions = (
				en,
				Base,
			);
			mainGroup = 880410F82080E6EE00F6438C;
			productRefGroup = 880411022080E6EE00F6438C /* Products */;
			projectDirPath = "";
			projectRoot = "";
			targets = (
				880411002080E6EE00F6438C /* BassSynth */,
			);
		};
/* End PBXProject section */

/* Begin PBXResourcesBuildPhase section */
		880410FF2080E6EE00F6438C /* Resources */ = {
			isa = PBXResourcesBuildPhase;
			buildActionMask = 2147483647;
			files = (
				8804110F2080E6EE00F6438C /* LaunchScreen.storyboard in Resources */,
				8804110C2080E6EE00F6438C /* Assets.xcassets in Resources */,
				8804110A2080E6EE00F6438C /* Main.storyboard in Resources */,
			);
			runOnlyForDeploymentPostprocessing = 0;
		};
/* End PBXResourcesBuildPhase section */

/* Begin PBXSourcesBuildPhase section */
		880410FD2080E6EE00F6438C /* Sources */ = {
			isa = PBXSourcesBuildPhase;
			buildActionMask = 2147483647;
			files = (
				880411072080E6EE00F6438C /* ViewController.swift in Sources */,
				880411052080E6EE00F6438C /* AppDelegate.swift in Sources */,
			);
			runOnlyForDeploymentPostprocessing = 0;
		};
/* End PBXSourcesBuildPhase section */

/* Begin PBXVariantGroup section */
		880411082080E6EE00F6438C /* Main.storyboard */ = {
			isa = PBXVariantGroup;
			children = (
				880411092080E6EE00F6438C /* Base */,
			);
			name = Main.storyboard;
			sourceTree = "<group>";
		};
		8804110D2080E6EE00F6438C /* LaunchScreen.storyboard */ = {
			isa = PBXVariantGroup;
			children = (
				8804110E2080E6EE00F6438C /* Base */,
			);
			name = LaunchScreen.storyboard;
			sourceTree = "<group>";
		};
/* End PBXVariantGroup section */

/* Begin XCBuildConfiguration section */
		880411112080E6EE00F6438C /* Debug */ = {
			isa = XCBuildConfiguration;
			buildSettings = {
				ALWAYS_SEARCH_USER_PATHS = NO;
				CLANG_ANALYZER_NONNULL = YES;
				CLANG_ANALYZER_NUMBER_OBJECT_CONVERSION = YES_AGGRESSIVE;
				CLANG_CXX_LANGUAGE_STANDARD = "gnu++14";
				CLANG_CXX_LIBRARY = "libc++";
				CLANG_ENABLE_MODULES = YES;
				CLANG_ENABLE_OBJC_ARC = YES;
				CLANG_WARN_BLOCK_CAPTURE_AUTORELEASING = YES;
				CLANG_WARN_BOOL_CONVERSION = YES;
				CLANG_WARN_COMMA = YES;
				CLANG_WARN_CONSTANT_CONVERSION = YES;
				CLANG_WARN_DIRECT_OBJC_ISA_USAGE = YES_ERROR;
				CLANG_WARN_DOCUMENTATION_COMMENTS = YES;
				CLANG_WARN_EMPTY_BODY = YES;
				CLANG_WARN_ENUM_CONVERSION = YES;
				CLANG_WARN_INFINITE_RECURSION = YES;
				CLANG_WARN_INT_CONVERSION = YES;
				CLANG_WARN_NON_LITERAL_NULL_CONVERSION = YES;
				CLANG_WARN_OBJC_LITERAL_CONVERSION = YES;
				CLANG_WARN_OBJC_ROOT_CLASS = YES_ERROR;
				CLANG_WARN_RANGE_LOOP_ANALYSIS = YES;
				CLANG_WARN_STRICT_PROTOTYPES = YES;
				CLANG_WARN_SUSPICIOUS_MOVE = YES;
				CLANG_WARN_UNGUARDED_AVAILABILITY = YES_AGGRESSIVE;
				CLANG_WARN_UNREACHABLE_CODE = YES;
				CLANG_WARN__DUPLICATE_METHOD_MATCH = YES;
				CODE_SIGN_IDENTITY = "iPhone Developer";
				COPY_PHASE_STRIP = NO;
				DEBUG_INFORMATION_FORMAT = dwarf;
				ENABLE_STRICT_OBJC_MSGSEND = YES;
				ENABLE_TESTABILITY = YES;
				GCC_C_LANGUAGE_STANDARD = gnu11;
				GCC_DYNAMIC_NO_PIC = NO;
				GCC_NO_COMMON_BLOCKS = YES;
				GCC_OPTIMIZATION_LEVEL = 0;
				GCC_PREPROCESSOR_DEFINITIONS = (
					"DEBUG=1",
					"$(inherited)",
				);
				GCC_WARN_64_TO_32_BIT_CONVERSION = YES;
				GCC_WARN_ABOUT_RETURN_TYPE = YES_ERROR;
				GCC_WARN_UNDECLARED_SELECTOR = YES;
				GCC_WARN_UNINITIALIZED_AUTOS = YES_AGGRESSIVE;
				GCC_WARN_UNUSED_FUNCTION = YES;
				GCC_WARN_UNUSED_VARIABLE = YES;
				IPHONEOS_DEPLOYMENT_TARGET = 11.2;
				MTL_ENABLE_DEBUG_INFO = YES;
				ONLY_ACTIVE_ARCH = YES;
				SDKROOT = iphoneos;
				SWIFT_ACTIVE_COMPILATION_CONDITIONS = DEBUG;
				SWIFT_OPTIMIZATION_LEVEL = "-Onone";
			};
			name = Debug;
		};
		880411122080E6EE00F6438C /* Release */ = {
			isa = XCBuildConfiguration;
			buildSettings = {
				ALWAYS_SEARCH_USER_PATHS = NO;
				CLANG_ANALYZER_NONNULL = YES;
				CLANG_ANALYZER_NUMBER_OBJECT_CONVERSION = YES_AGGRESSIVE;
				CLANG_CXX_LANGUAGE_STANDARD = "gnu++14";
				CLANG_CXX_LIBRARY = "libc++";
				CLANG_ENABLE_MODULES = YES;
				CLANG_ENABLE_OBJC_ARC = YES;
				CLANG_WARN_BLOCK_CAPTURE_AUTORELEASING = YES;
				CLANG_WARN_BOOL_CONVERSION = YES;
				CLANG_WARN_COMMA = YES;
				CLANG_WARN_CONSTANT_CONVERSION = YES;
				CLANG_WARN_DIRECT_OBJC_ISA_USAGE = YES_ERROR;
				CLANG_WARN_DOCUMENTATION_COMMENTS = YES;
				CLANG_WARN_EMPTY_BODY = YES;
				CLANG_WARN_ENUM_CONVERSION = YES;
				CLANG_WARN_INFINITE_RECURSION = YES;
				CLANG_WARN_INT_CONVERSION = YES;
				CLANG_WARN_NON_LITERAL_NULL_CONVERSION = YES;
				CLANG_WARN_OBJC_LITERAL_CONVERSION = YES;
				CLANG_WARN_OBJC_ROOT_CLASS = YES_ERROR;
				CLANG_WARN_RANGE_LOOP_ANALYSIS = YES;
				CLANG_WARN_STRICT_PROTOTYPES = YES;
				CLANG_WARN_SUSPICIOUS_MOVE = YES;
				CLANG_WARN_UNGUARDED_AVAILABILITY = YES_AGGRESSIVE;
				CLANG_WARN_UNREACHABLE_CODE = YES;
				CLANG_WARN__DUPLICATE_METHOD_MATCH = YES;
				CODE_SIGN_IDENTITY = "iPhone Developer";
				COPY_PHASE_STRIP = NO;
				DEBUG_INFORMATION_FORMAT = "dwarf-with-dsym";
				ENABLE_NS_ASSERTIONS = NO;
				ENABLE_STRICT_OBJC_MSGSEND = YES;
				GCC_C_LANGUAGE_STANDARD = gnu11;
				GCC_NO_COMMON_BLOCKS = YES;
				GCC_WARN_64_TO_32_BIT_CONVERSION = YES;
				GCC_WARN_ABOUT_RETURN_TYPE = YES_ERROR;
				GCC_WARN_UNDECLARED_SELECTOR = YES;
				GCC_WARN_UNINITIALIZED_AUTOS = YES_AGGRESSIVE;
				GCC_WARN_UNUSED_FUNCTION = YES;
				GCC_WARN_UNUSED_VARIABLE = YES;
				IPHONEOS_DEPLOYMENT_TARGET = 11.2;
				MTL_ENABLE_DEBUG_INFO = NO;
				SDKROOT = iphoneos;
				SWIFT_OPTIMIZATION_LEVEL = "-Owholemodule";
				VALIDATE_PRODUCT = YES;
			};
			name = Release;
		};
		880411142080E6EE00F6438C /* Debug */ = {
			isa = XCBuildConfiguration;
			buildSettings = {
				ASSETCATALOG_COMPILER_APPICON_NAME = AppIcon;
				CODE_SIGN_STYLE = Automatic;
				DEVELOPMENT_TEAM = 3XEDDMZW3M;
				INFOPLIST_FILE = BassSynth/Info.plist;
				LD_RUNPATH_SEARCH_PATHS = "$(inherited) @executable_path/Frameworks";
				PRODUCT_BUNDLE_IDENTIFIER = callumstrange.BassSynth;
				PRODUCT_NAME = "$(TARGET_NAME)";
				SWIFT_VERSION = 4.0;
				TARGETED_DEVICE_FAMILY = "1,2";
			};
			name = Debug;
		};
		880411152080E6EE00F6438C /* Release */ = {
			isa = XCBuildConfiguration;
			buildSettings = {
				ASSETCATALOG_COMPILER_APPICON_NAME = AppIcon;
				CODE_SIGN_STYLE = Automatic;
				DEVELOPMENT_TEAM = 3XEDDMZW3M;
				INFOPLIST_FILE = BassSynth/Info.plist;
				LD_RUNPATH_SEARCH_PATHS = "$(inherited) @executable_path/Frameworks";
				PRODUCT_BUNDLE_IDENTIFIER = callumstrange.BassSynth;
				PRODUCT_NAME = "$(TARGET_NAME)";
				SWIFT_VERSION = 4.0;
				TARGETED_DEVICE_FAMILY = "1,2";
			};
			name = Release;
		};
/* End XCBuildConfiguration section */

/* Begin XCConfigurationList section */
		880410FC2080E6EE00F6438C /* Build configuration list for PBXProject "BassSynth" */ = {
			isa = XCConfigurationList;
			buildConfigurations = (
				880411112080E6EE00F6438C /* Debug */,
				880411122080E6EE00F6438C /* Release */,
			);
			defaultConfigurationIsVisible = 0;
			defaultConfigurationName = Release;
		};
		880411132080E6EE00F6438C /* Build configuration list for PBXNativeTarget "BassSynth" */ = {
			isa = XCConfigurationList;
			buildConfigurations = (
				880411142080E6EE00F6438C /* Debug */,
				880411152080E6EE00F6438C /* Release */,
			);
			defaultConfigurationIsVisible = 0;
			defaultConfigurationName = Release;
		};
/* End XCConfigurationList section */
	};
	rootObject = 880410F92080E6EE00F6438C /* Project object */;
}
